
Microsoft Visual Studio Solution File, Format Version 12.00
# Visual Studio Version 17
VisualStudioVersion = 17.6.33829.357
MinimumVisualStudioVersion = 10.0.40219.1
Project("{FAE04EC0-301F-11D3-BF4B-00C04F79EFBC}") = "P01.Car", "P01.Car\P01.Car.csproj", "{33E8D5E5-F9A7-4458-BDF5-8711AED666C7}"
EndProject
Project("{FAE04EC0-301F-11D3-BF4B-00C04F79EFBC}") = "P02.CarExtension", "P02.CarExtension\P02.CarExtension.csproj", "{E54E9BF3-5EFB-49D8-BDBB-8D03224973CA}"
EndProject
Project("{FAE04EC0-301F-11D3-BF4B-00C04F79EFBC}") = "P03.CarEngineAndTires", "P03.CarEngineAndTires\P03.CarEngineAndTires.csproj", "{52E522A7-92F1-4DD7-8FF7-68F5E7F3E103}"
EndProject
Project("{FAE04EC0-301F-11D3-BF4B-00C04F79EFBC}") = "P04.CarEngineAndTires", "P04.CarEngineAndTires\P04.CarEngineAndTires.csproj", "{9718EED8-6532-4DC2-AAAA-B2A10C25E24F}"
EndProject
Project("{FAE04EC0-301F-11D3-BF4B-00C04F79EFBC}") = "P05.SpecialCars", "P05.SpecialCars\P05.SpecialCars.csproj", "{7567A054-E468-4394-8380-E5121D2D98F4}"
EndProject
Global
	GlobalSection(SolutionConfigurationPlatforms) = preSolution
		Debug|Any CPU = Debug|Any CPU
		Release|Any CPU = Release|Any CPU
	EndGlobalSection
	GlobalSection(ProjectConfigurationPlatforms) = postSolution
		{33E8D5E5-F9A7-4458-BDF5-8711AED666C7}.Debug|Any CPU.ActiveCfg = Debug|Any CPU
		{33E8D5E5-F9A7-4458-BDF5-8711AED666C7}.Debug|Any CPU.Build.0 = Debug|Any CPU
		{33E8D5E5-F9A7-4458-BDF5-8711AED666C7}.Release|Any CPU.ActiveCfg = Release|Any CPU
		{33E8D5E5-F9A7-4458-BDF5-8711AED666C7}.Release|Any CPU.Build.0 = Release|Any CPU
		{E54E9BF3-5EFB-49D8-BDBB-8D03224973CA}.Debug|Any CPU.ActiveCfg = Debug|Any CPU
		{E54E9BF3-5EFB-49D8-BDBB-8D03224973CA}.Debug|Any CPU.Build.0 = Debug|Any CPU
		{E54E9BF3-5EFB-49D8-BDBB-8D03224973CA}.Release|Any CPU.ActiveCfg = Release|Any CPU
		{E54E9BF3-5EFB-49D8-BDBB-8D03224973CA}.Release|Any CPU.Build.0 = Release|Any CPU
		{52E522A7-92F1-4DD7-8FF7-68F5E7F3E103}.Debug|Any CPU.ActiveCfg = Debug|Any CPU
		{52E522A7-92F1-4DD7-8FF7-68F5E7F3E103}.Debug|Any CPU.Build.0 = Debug|Any CPU
		{52E522A7-92F1-4DD7-8FF7-68F5E7F3E103}.Release|Any CPU.ActiveCfg = Release|Any CPU
		{52E522A7-92F1-4DD7-8FF7-68F5E7F3E103}.Release|Any CPU.Build.0 = Release|Any CPU
		{9718EED8-6532-4DC2-AAAA-B2A10C25E24F}.Debug|Any CPU.ActiveCfg = Debug|Any CPU
		{9718EED8-6532-4DC2-AAAA-B2A10C25E24F}.Debug|Any CPU.Build.0 = Debug|Any CPU
		{9718EED8-6532-4DC2-AAAA-B2A10C25E24F}.Release|Any CPU.ActiveCfg = Release|Any CPU
		{9718EED8-6532-4DC2-AAAA-B2A10C25E24F}.Release|Any CPU.Build.0 = Release|Any CPU
		{7567A054-E468-4394-8380-E5121D2D98F4}.Debug|Any CPU.ActiveCfg = Debug|Any CPU
		{7567A054-E468-4394-8380-E5121D2D98F4}.Debug|Any CPU.Build.0 = Debug|Any CPU
		{7567A054-E468-4394-8380-E5121D2D98F4}.Release|Any CPU.ActiveCfg = Release|Any CPU
		{7567A054-E468-4394-8380-E5121D2D98F4}.Release|Any CPU.Build.0 = Release|Any CPU
	EndGlobalSection
	GlobalSection(SolutionProperties) = preSolution
		HideSolutionNode = FALSE
	EndGlobalSection
	GlobalSection(ExtensibilityGlobals) = postSolution
		SolutionGuid = {5F2A6587-A3CD-48EB-A928-AA07E9D62EED}
	EndGlobalSection
EndGlobal
